<?xml version="1.0" encoding="utf-8"?>
<Project ToolsVersion="4.0" xmlns="http://schemas.microsoft.com/developer/msbuild/2003">
  <ItemGroup>
    <Filter Include="Kaynak Dosyalar">
      <UniqueIdentifier>{4FC737F1-C7A5-4376-A066-2A32D752A2FF}</UniqueIdentifier>
      <Extensions>cpp;c;cc;cxx;c++;cppm;ixx;def;odl;idl;hpj;bat;asm;asmx</Extensions>
    </Filter>
    <Filter Include="Üst Bilgi Dosyaları">
      <UniqueIdentifier>{93995380-89BD-4b04-88EB-625FBE52EBFB}</UniqueIdentifier>
      <Extensions>h;hh;hpp;hxx;h++;hm;inl;inc;ipp;xsd</Extensions>
    </Filter>
    <Filter Include="Kaynak Dosyaları">
      <UniqueIdentifier>{67DA6AB6-F800-4c08-8B7A-83BB121AAD01}</UniqueIdentifier>
      <Extensions>rc;ico;cur;bmp;dlg;rc2;rct;bin;rgs;gif;jpg;jpeg;jpe;resx;tiff;tif;png;wav;mfcribbon-ms</Extensions>
    </Filter>
  </ItemGroup>
  <ItemGroup>
    <ClInclude Include="..\..\..\..\OneDrive\Masaüstü\Ficheros C++ trabajo 2\Ficheros C++ trabajo 2\Cube.h">
      <Filter>Üst Bilgi Dosyaları</Filter>
    </ClInclude>
    <ClInclude Include="..\..\..\..\OneDrive\Masaüstü\Ficheros C++ trabajo 2\Ficheros C++ trabajo 2\GLstuff.h">
      <Filter>Üst Bilgi Dosyaları</Filter>
    </ClInclude>
    <ClInclude Include="..\..\..\..\OneDrive\Masaüstü\Ficheros C++ trabajo 2\Ficheros C++ trabajo 2\Man.h">
      <Filter>Üst Bilgi Dosyaları</Filter>
    </ClInclude>
    <ClInclude Include="..\..\..\..\OneDrive\Masaüstü\Asteroids 2026 alumnos\Asteroids 2026 alumnos\Asteroid.h">
      <Filter>Üst Bilgi Dosyaları</Filter>
    </ClInclude>
    <ClInclude Include="..\..\..\..\OneDrive\Masaüstü\Asteroids 2026 alumnos\Asteroids 2026 alumnos\Bullet.h">
      <Filter>Üst Bilgi Dosyaları</Filter>
    </ClInclude>
    <ClInclude Include="..\..\..\..\OneDrive\Masaüstü\Asteroids 2026 alumnos\Asteroids 2026 alumnos\commonstuff.h">
      <Filter>Üst Bilgi Dosyaları</Filter>
    </ClInclude>
    <ClInclude Include="..\..\..\..\OneDrive\Masaüstü\Asteroids 2026 alumnos\Asteroids 2026 alumnos\Flame.h">
      <Filter>Üst Bilgi Dosyaları</Filter>
    </ClInclude>
    <ClInclude Include="..\..\..\..\OneDrive\Masaüstü\Asteroids 2026 alumnos\Asteroids 2026 alumnos\Shape.h">
      <Filter>Üst Bilgi Dosyaları</Filter>
    </ClInclude>
    <ClInclude Include="..\..\..\..\OneDrive\Masaüstü\Asteroids 2026 alumnos\Asteroids 2026 alumnos\Ship.h">
      <Filter>Üst Bilgi Dosyaları</Filter>
    </ClInclude>
    <ClInclude Include="..\..\..\..\Downloads\Ficheros OpenGL PARA WINDOWS-20260607\PARA WINDOWS\glut.h">
      <Filter>Üst Bilgi Dosyaları</Filter>
    </ClInclude>
    <ClInclude Include="..\ObjectsList.h">
      <Filter>Üst Bilgi Dosyaları</Filter>
    </ClInclude>
  </ItemGroup>
  <ItemGroup>
    <ClCompile Include="..\ObjectsList.cpp">
      <Filter>Kaynak Dosyalar</Filter>
    </ClCompile>
    <ClCompile Include="..\..\..\..\OneDrive\Masaüstü\Asteroids 2026 alumnos\Asteroids 2026 alumnos\Bullet.cpp">
      <Filter>Kaynak Dosyalar</Filter>
    </ClCompile>
    <ClCompile Include="..\..\..\..\OneDrive\Masaüstü\Asteroids 2026 alumnos\Asteroids 2026 alumnos\Asteroid.cpp">
      <Filter>Kaynak Dosyalar</Filter>
    </ClCompile>
    <ClCompile Include="..\..\..\..\OneDrive\Masaüstü\Asteroids 2026 alumnos\Asteroids 2026 alumnos\Flame.cpp">
      <Filter>Kaynak Dosyalar</Filter>
    </ClCompile>
    <ClCompile Include="..\..\..\..\OneDrive\Masaüstü\Asteroids 2026 alumnos\Asteroids 2026 alumnos\mainAsteroids.cpp">
      <Filter>Kaynak Dosyalar</Filter>
    </ClCompile>
    <ClCompile Include="..\..\..\..\OneDrive\Masaüstü\Asteroids 2026 alumnos\Asteroids 2026 alumnos\Shape.cpp">
      <Filter>Kaynak Dosyalar</Filter>
    </ClCompile>
    <ClCompile Include="..\..\..\..\OneDrive\Masaüstü\Asteroids 2026 alumnos\Asteroids 2026 alumnos\Ship.cpp">
      <Filter>Kaynak Dosyalar</Filter>
    </ClCompile>
    <ClCompile Include="..\..\..\..\OneDrive\Masaüstü\Ficheros C++ trabajo 2\Ficheros C++ trabajo 2\GLstuff.cpp">
      <Filter>Kaynak Dosyalar</Filter>
    </ClCompile>
  </ItemGroup>
  <ItemGroup>
    <Library Include="..\x64\Debug\glut32.lib">
      <Filter>Kaynak Dosyalar</Filter>
    </Library>
  </ItemGroup>
  <ItemGroup>
    <None Include="..\x64\Debug\glut32.dll">
      <Filter>Kaynak Dosyalar</Filter>
    </None>
  </ItemGroup>
</Project>